
Microsoft Visual Studio Solution File, Format Version 12.00
# Visual Studio 14
VisualStudioVersion = 14.0.23107.0
MinimumVisualStudioVersion = 10.0.40219.1
Project("{FAE04EC0-301F-11D3-BF4B-00C04F79EFBC}") = "SportsStore.Domain", "SportsStore.Domain\SportsStore.Domain.csproj", "{6AE249EE-1180-41C7-9149-54D2BC31AFE0}"
EndProject
Project("{FAE04EC0-301F-11D3-BF4B-00C04F79EFBC}") = "SportsStore.WebUI", "SportsStore.WebUI\SportsStore.WebUI.csproj", "{B58B50A2-3EBB-431D-A931-B22B3397E1E9}"
EndProject
Project("{FAE04EC0-301F-11D3-BF4B-00C04F79EFBC}") = "SportsStore.WebUI.Tests", "SportsStore.WebUI.Tests\SportsStore.WebUI.Tests.csproj", "{3EBEA614-A1C4-4060-A99C-7AA3D4CE763F}"
EndProject
Global
	GlobalSection(SolutionConfigurationPlatforms) = preSolution
		Debug|Any CPU = Debug|Any CPU
		Release|Any CPU = Release|Any CPU
	EndGlobalSection
	GlobalSection(ProjectConfigurationPlatforms) = postSolution
		{6AE249EE-1180-41C7-9149-54D2BC31AFE0}.Debug|Any CPU.ActiveCfg = Debug|Any CPU
		{6AE249EE-1180-41C7-9149-54D2BC31AFE0}.Debug|Any CPU.Build.0 = Debug|Any CPU
		{6AE249EE-1180-41C7-9149-54D2BC31AFE0}.Release|Any CPU.ActiveCfg = Release|Any CPU
		{6AE249EE-1180-41C7-9149-54D2BC31AFE0}.Release|Any CPU.Build.0 = Release|Any CPU
		{B58B50A2-3EBB-431D-A931-B22B3397E1E9}.Debug|Any CPU.ActiveCfg = Debug|Any CPU
		{B58B50A2-3EBB-431D-A931-B22B3397E1E9}.Debug|Any CPU.Build.0 = Debug|Any CPU
		{B58B50A2-3EBB-431D-A931-B22B3397E1E9}.Release|Any CPU.ActiveCfg = Release|Any CPU
		{B58B50A2-3EBB-431D-A931-B22B3397E1E9}.Release|Any CPU.Build.0 = Release|Any CPU
		{3EBEA614-A1C4-4060-A99C-7AA3D4CE763F}.Debug|Any CPU.ActiveCfg = Debug|Any CPU
		{3EBEA614-A1C4-4060-A99C-7AA3D4CE763F}.Debug|Any CPU.Build.0 = Debug|Any CPU
		{3EBEA614-A1C4-4060-A99C-7AA3D4CE763F}.Release|Any CPU.ActiveCfg = Release|Any CPU
		{3EBEA614-A1C4-4060-A99C-7AA3D4CE763F}.Release|Any CPU.Build.0 = Release|Any CPU
	EndGlobalSection
	GlobalSection(SolutionProperties) = preSolution
		HideSolutionNode = FALSE
	EndGlobalSection
EndGlobal
